{
  "version": 4,
  "terraform_version": "1.6.6",
  "serial": 80,
  "lineage": "42679c3c-f4bd-3bc1-4c34-8196fdd2ec31",
  "outputs": {},
  "resources": [
    {
      "mode": "managed",
      "type": "google_compute_address",
      "name": "nat_gw_address",
      "provider": "provider[\"registry.terraform.io/hashicorp/google\"]",
      "instances": [
        {
          "index_key": "europe-west1",
          "schema_version": 0,
          "attributes": {
            "address": "35.195.100.168",
            "address_type": "EXTERNAL",
            "creation_timestamp": "2024-07-02T14:34:03.406-07:00",
            "description": "",
            "effective_labels": {},
            "id": "projects/gke-gateway-demo-705700/regions/europe-west1/addresses/nat-ext-addr",
            "ip_version": "",
            "ipv6_endpoint_type": "",
            "label_fingerprint": "42WmSpB8rSM=",
            "labels": {},
            "name": "nat-ext-addr",
            "network": "",
            "network_tier": "PREMIUM",
            "prefix_length": 0,
            "project": "gke-gateway-demo-705700",
            "purpose": "",
            "region": "europe-west1",
            "self_link": "https://www.googleapis.com/compute/v1/projects/gke-gateway-demo-705700/regions/europe-west1/addresses/nat-ext-addr",
            "subnetwork": "",
            "terraform_labels": {},
            "timeouts": null,
            "users": [
              "https://www.googleapis.com/compute/v1/projects/gke-gateway-demo-705700/regions/europe-west1/routers/demo-nat-rtr"
            ]
          },
          "sensitive_attributes": [],
          "private": "eyJlMmJmYjczMC1lY2FhLTExZTYtOGY4OC0zNDM2M2JjN2M0YzAiOnsiY3JlYXRlIjoxMjAwMDAwMDAwMDAwLCJkZWxldGUiOjEyMDAwMDAwMDAwMDAsInVwZGF0ZSI6MTIwMDAwMDAwMDAwMH19",
          "dependencies": [
            "google_folder.folder",
            "google_project.project",
            "random_integer.salt"
          ]
        },
        {
          "index_key": "us-east1",
          "schema_version": 0,
          "attributes": {
            "address": "35.190.157.167",
            "address_type": "EXTERNAL",
            "creation_timestamp": "2024-07-02T14:34:03.379-07:00",
            "description": "",
            "effective_labels": {},
            "id": "projects/gke-gateway-demo-705700/regions/us-east1/addresses/nat-ext-addr",
            "ip_version": "",
            "ipv6_endpoint_type": "",
            "label_fingerprint": "42WmSpB8rSM=",
            "labels": {},
            "name": "nat-ext-addr",
            "network": "",
            "network_tier": "PREMIUM",
            "prefix_length": 0,
            "project": "gke-gateway-demo-705700",
            "purpose": "",
            "region": "us-east1",
            "self_link": "https://www.googleapis.com/compute/v1/projects/gke-gateway-demo-705700/regions/us-east1/addresses/nat-ext-addr",
            "subnetwork": "",
            "terraform_labels": {},
            "timeouts": null,
            "users": [
              "https://www.googleapis.com/compute/v1/projects/gke-gateway-demo-705700/regions/us-east1/routers/demo-nat-rtr"
            ]
          },
          "sensitive_attributes": [],
          "private": "eyJlMmJmYjczMC1lY2FhLTExZTYtOGY4OC0zNDM2M2JjN2M0YzAiOnsiY3JlYXRlIjoxMjAwMDAwMDAwMDAwLCJkZWxldGUiOjEyMDAwMDAwMDAwMDAsInVwZGF0ZSI6MTIwMDAwMDAwMDAwMH19",
          "dependencies": [
            "google_folder.folder",
            "google_project.project",
            "random_integer.salt"
          ]
        }
      ]
    },
    {
      "mode": "managed",
      "type": "google_compute_firewall",
      "name": "ingress_allow_iap",
      "provider": "provider[\"registry.terraform.io/hashicorp/google\"]",
      "instances": [
        {
          "schema_version": 1,
          "attributes": {
            "allow": [
              {
                "ports": [],
                "protocol": "tcp"
              }
            ],
            "creation_timestamp": "2024-07-03T00:34:18.215-07:00",
            "deny": [],
            "description": "",
            "destination_ranges": [],
            "direction": "INGRESS",
            "disabled": false,
            "enable_logging": null,
            "id": "projects/gke-gateway-demo-705700/global/firewalls/ingress-allow-iap",
            "log_config": [],
            "name": "ingress-allow-iap",
            "network": "https://www.googleapis.com/compute/v1/projects/gke-gateway-demo-705700/global/networks/demo-vpc",
            "priority": 200,
            "project": "gke-gateway-demo-705700",
            "self_link": "https://www.googleapis.com/compute/v1/projects/gke-gateway-demo-705700/global/firewalls/ingress-allow-iap",
            "source_ranges": [
              "35.235.240.0/20"
            ],
            "source_service_accounts": [],
            "source_tags": [],
            "target_service_accounts": [],
            "target_tags": [],
            "timeouts": null
          },
          "sensitive_attributes": [],
          "private": "eyJlMmJmYjczMC1lY2FhLTExZTYtOGY4OC0zNDM2M2JjN2M0YzAiOnsiY3JlYXRlIjoxMjAwMDAwMDAwMDAwLCJkZWxldGUiOjEyMDAwMDAwMDAwMDAsInVwZGF0ZSI6MTIwMDAwMDAwMDAwMH0sInNjaGVtYV92ZXJzaW9uIjoiMSJ9",
          "dependencies": [
            "google_compute_network.vpc",
            "google_folder.folder",
            "google_project.project",
            "random_integer.salt"
          ]
        }
      ]
    },
    {
      "mode": "managed",
      "type": "google_compute_instance",
      "name": "bastion",
      "provider": "provider[\"registry.terraform.io/hashicorp/google\"]",
      "instances": [
        {
          "schema_version": 6,
          "attributes": {
            "advanced_machine_features": [],
            "allow_stopping_for_update": true,
            "attached_disk": [],
            "boot_disk": [
              {
                "auto_delete": true,
                "device_name": "persistent-disk-0",
                "disk_encryption_key_raw": "",
                "disk_encryption_key_sha256": "",
                "initialize_params": [
                  {
                    "enable_confidential_compute": false,
                    "image": "https://www.googleapis.com/compute/v1/projects/debian-cloud/global/images/debian-12-bookworm-v20240701",
                    "labels": {},
                    "provisioned_iops": 0,
                    "provisioned_throughput": 0,
                    "resource_manager_tags": {},
                    "size": 10,
                    "type": "pd-standard"
                  }
                ],
                "kms_key_self_link": "",
                "mode": "READ_WRITE",
                "source": "https://www.googleapis.com/compute/v1/projects/gke-gateway-demo-705700/zones/europe-west1-b/disks/bastion"
              }
            ],
            "can_ip_forward": false,
            "confidential_instance_config": [],
            "cpu_platform": "Intel Broadwell",
            "current_status": "RUNNING",
            "deletion_protection": false,
            "description": "",
            "desired_status": null,
            "effective_labels": {},
            "enable_display": false,
            "guest_accelerator": [],
            "hostname": "",
            "id": "projects/gke-gateway-demo-705700/zones/europe-west1-b/instances/bastion",
            "instance_id": "3984565468532358739",
            "label_fingerprint": "42WmSpB8rSM=",
            "labels": {},
            "machine_type": "e2-standard-4",
            "metadata": {
              "block-project-ssh-keys": "true"
            },
            "metadata_fingerprint": "JjLO2yWbq6s=",
            "metadata_startup_script": "cd /tmp\napt update -y\napt install -y google-osconfig-agent google-cloud-cli-gke-gcloud-auth-plugin kubectl curl git jq nano vim wget\ncurl -fsSO https://dl.google.com/cloudagents/add-google-cloud-ops-agent-repo.sh\nbash add-google-cloud-ops-agent-repo.sh --also-install\nrm add-google-cloud-ops-agent-repo.sh\ncurl -fsSLO https://github.com/argoproj/argo-cd/releases/download/v2.10.12/argocd-linux-amd64\ninstall -m 755 argocd-linux-amd64 /usr/local/bin/argocd\nrm argocd-linux-amd64\ncurl -fsSLO https://get.helm.sh/helm-v3.15.2-linux-amd64.tar.gz\ntar -xvf helm-v3.15.2-linux-amd64.tar.gz --strip-components=1 --totals linux-amd64/helm\ninstall -m 755 helm /usr/local/bin/helm\nrm helm\n",
            "min_cpu_platform": "",
            "name": "bastion",
            "network_interface": [
              {
                "access_config": [],
                "alias_ip_range": [],
                "internal_ipv6_prefix_length": 0,
                "ipv6_access_config": [],
                "ipv6_access_type": "",
                "ipv6_address": "",
                "name": "nic0",
                "network": "https://www.googleapis.com/compute/v1/projects/gke-gateway-demo-705700/global/networks/demo-vpc",
                "network_ip": "10.0.0.12",
                "nic_type": "",
                "queue_count": 0,
                "stack_type": "IPV4_ONLY",
                "subnetwork": "https://www.googleapis.com/compute/v1/projects/gke-gateway-demo-705700/regions/europe-west1/subnetworks/demo-subnet",
                "subnetwork_project": "gke-gateway-demo-705700"
              }
            ],
            "network_performance_config": [],
            "params": [],
            "project": "gke-gateway-demo-705700",
            "reservation_affinity": [],
            "resource_policies": [],
            "scheduling": [
              {
                "automatic_restart": true,
                "instance_termination_action": "",
                "local_ssd_recovery_timeout": [],
                "min_node_cpus": 0,
                "node_affinities": [],
                "on_host_maintenance": "MIGRATE",
                "preemptible": false,
                "provisioning_model": "STANDARD"
              }
            ],
            "scratch_disk": [],
            "self_link": "https://www.googleapis.com/compute/v1/projects/gke-gateway-demo-705700/zones/europe-west1-b/instances/bastion",
            "service_account": [
              {
                "email": "bastion-sa@gke-gateway-demo-705700.iam.gserviceaccount.com",
                "scopes": [
                  "https://www.googleapis.com/auth/cloud-platform"
                ]
              }
            ],
            "shielded_instance_config": [
              {
                "enable_integrity_monitoring": true,
                "enable_secure_boot": false,
                "enable_vtpm": true
              }
            ],
            "tags": [],
            "tags_fingerprint": "42WmSpB8rSM=",
            "terraform_labels": {},
            "timeouts": null,
            "zone": "europe-west1-b"
          },
          "sensitive_attributes": [],
          "private": "eyJlMmJmYjczMC1lY2FhLTExZTYtOGY4OC0zNDM2M2JjN2M0YzAiOnsiY3JlYXRlIjoxMjAwMDAwMDAwMDAwLCJkZWxldGUiOjEyMDAwMDAwMDAwMDAsInVwZGF0ZSI6MTIwMDAwMDAwMDAwMH0sInNjaGVtYV92ZXJzaW9uIjoiNiJ9",
          "dependencies": [
            "google_compute_network.vpc",
            "google_compute_subnetwork.subnet",
            "google_folder.folder",
            "google_project.project",
            "google_service_account.bastion",
            "random_integer.salt"
          ]
        }
      ]
    },
    {
      "mode": "managed",
      "type": "google_compute_network",
      "name": "vpc",
      "provider": "provider[\"registry.terraform.io/hashicorp/google\"]",
      "instances": [
        {
          "schema_version": 0,
          "attributes": {
            "auto_create_subnetworks": false,
            "delete_default_routes_on_create": false,
            "description": "",
            "enable_ula_internal_ipv6": false,
            "gateway_ipv4": "",
            "id": "projects/gke-gateway-demo-705700/global/networks/demo-vpc",
            "internal_ipv6_range": "",
            "mtu": 0,
            "name": "demo-vpc",
            "network_firewall_policy_enforcement_order": "AFTER_CLASSIC_FIREWALL",
            "numeric_id": "2252375157709066662",
            "project": "gke-gateway-demo-705700",
            "routing_mode": "GLOBAL",
            "self_link": "https://www.googleapis.com/compute/v1/projects/gke-gateway-demo-705700/global/networks/demo-vpc",
            "timeouts": null
          },
          "sensitive_attributes": [],
          "private": "eyJlMmJmYjczMC1lY2FhLTExZTYtOGY4OC0zNDM2M2JjN2M0YzAiOnsiY3JlYXRlIjoxMjAwMDAwMDAwMDAwLCJkZWxldGUiOjEyMDAwMDAwMDAwMDAsInVwZGF0ZSI6MTIwMDAwMDAwMDAwMH19",
          "dependencies": [
            "google_folder.folder",
            "google_project.project",
            "random_integer.salt"
          ]
        }
      ]
    },
    {
      "mode": "managed",
      "type": "google_compute_project_metadata",
      "name": "oslogin",
      "provider": "provider[\"registry.terraform.io/hashicorp/google\"]",
      "instances": [
        {
          "schema_version": 0,
          "attributes": {
            "id": "gke-gateway-demo-705700",
            "metadata": {
              "enable-oslogin": "TRUE",
              "gke-cluster-europe-west1-d77af4d4-secondary-ranges": "shareable-pods:demo-vpc:demo-subnet:pod-range,services:demo-vpc:demo-subnet:service-range",
              "gke-cluster-us-east1-ddc9bd08-secondary-ranges": "shareable-pods:demo-vpc:demo-subnet:pod-range,services:demo-vpc:demo-subnet:service-range"
            },
            "project": "gke-gateway-demo-705700",
            "timeouts": null
          },
          "sensitive_attributes": [],
          "private": "eyJlMmJmYjczMC1lY2FhLTExZTYtOGY4OC0zNDM2M2JjN2M0YzAiOnsiY3JlYXRlIjoyNDAwMDAwMDAwMDAsImRlbGV0ZSI6MjQwMDAwMDAwMDAwfX0=",
          "dependencies": [
            "google_folder.folder",
            "google_project.project",
            "random_integer.salt"
          ]
        }
      ]
    },
    {
      "mode": "managed",
      "type": "google_compute_router",
      "name": "nat_router",
      "provider": "provider[\"registry.terraform.io/hashicorp/google\"]",
      "instances": [
        {
          "index_key": "europe-west1",
          "schema_version": 0,
          "attributes": {
            "bgp": [
              {
                "advertise_mode": "DEFAULT",
                "advertised_groups": [],
                "advertised_ip_ranges": [],
                "asn": 64514,
                "identifier_range": "",
                "keepalive_interval": 20
              }
            ],
            "creation_timestamp": "2024-07-02T14:32:23.665-07:00",
            "description": "",
            "encrypted_interconnect_router": false,
            "id": "projects/gke-gateway-demo-705700/regions/europe-west1/routers/demo-nat-rtr",
            "name": "demo-nat-rtr",
            "network": "https://www.googleapis.com/compute/v1/projects/gke-gateway-demo-705700/global/networks/demo-vpc",
            "project": "gke-gateway-demo-705700",
            "region": "europe-west1",
            "self_link": "https://www.googleapis.com/compute/v1/projects/gke-gateway-demo-705700/regions/europe-west1/routers/demo-nat-rtr",
            "timeouts": null
          },
          "sensitive_attributes": [],
          "private": "eyJlMmJmYjczMC1lY2FhLTExZTYtOGY4OC0zNDM2M2JjN2M0YzAiOnsiY3JlYXRlIjoxMjAwMDAwMDAwMDAwLCJkZWxldGUiOjEyMDAwMDAwMDAwMDAsInVwZGF0ZSI6MTIwMDAwMDAwMDAwMH19",
          "dependencies": [
            "google_compute_network.vpc",
            "google_folder.folder",
            "google_project.project",
            "random_integer.salt"
          ]
        },
        {
          "index_key": "us-east1",
          "schema_version": 0,
          "attributes": {
            "bgp": [
              {
                "advertise_mode": "DEFAULT",
                "advertised_groups": [],
                "advertised_ip_ranges": [],
                "asn": 64514,
                "identifier_range": "",
                "keepalive_interval": 20
              }
            ],
            "creation_timestamp": "2024-07-02T14:32:23.470-07:00",
            "description": "",
            "encrypted_interconnect_router": false,
            "id": "projects/gke-gateway-demo-705700/regions/us-east1/routers/demo-nat-rtr",
            "name": "demo-nat-rtr",
            "network": "https://www.googleapis.com/compute/v1/projects/gke-gateway-demo-705700/global/networks/demo-vpc",
            "project": "gke-gateway-demo-705700",
            "region": "us-east1",
            "self_link": "https://www.googleapis.com/compute/v1/projects/gke-gateway-demo-705700/regions/us-east1/routers/demo-nat-rtr",
            "timeouts": null
          },
          "sensitive_attributes": [],
          "private": "eyJlMmJmYjczMC1lY2FhLTExZTYtOGY4OC0zNDM2M2JjN2M0YzAiOnsiY3JlYXRlIjoxMjAwMDAwMDAwMDAwLCJkZWxldGUiOjEyMDAwMDAwMDAwMDAsInVwZGF0ZSI6MTIwMDAwMDAwMDAwMH19",
          "dependencies": [
            "google_compute_network.vpc",
            "google_folder.folder",
            "google_project.project",
            "random_integer.salt"
          ]
        }
      ]
    },
    {
      "mode": "managed",
      "type": "google_compute_router_nat",
      "name": "nat",
      "provider": "provider[\"registry.terraform.io/hashicorp/google\"]",
      "instances": [
        {
          "index_key": "europe-west1",
          "schema_version": 0,
          "attributes": {
            "auto_network_tier": "",
            "drain_nat_ips": [],
            "enable_dynamic_port_allocation": false,
            "enable_endpoint_independent_mapping": false,
            "endpoint_types": [
              "ENDPOINT_TYPE_VM"
            ],
            "icmp_idle_timeout_sec": 30,
            "id": "gke-gateway-demo-705700/europe-west1/demo-nat-rtr/nat-ext-addr",
            "log_config": [],
            "max_ports_per_vm": 0,
            "min_ports_per_vm": 0,
            "name": "nat-ext-addr",
            "nat_ip_allocate_option": "MANUAL_ONLY",
            "nat_ips": [
              "https://www.googleapis.com/compute/v1/projects/gke-gateway-demo-705700/regions/europe-west1/addresses/nat-ext-addr"
            ],
            "project": "gke-gateway-demo-705700",
            "region": "europe-west1",
            "router": "demo-nat-rtr",
            "rules": [],
            "source_subnetwork_ip_ranges_to_nat": "LIST_OF_SUBNETWORKS",
            "subnetwork": [
              {
                "name": "https://www.googleapis.com/compute/v1/projects/gke-gateway-demo-705700/regions/europe-west1/subnetworks/demo-subnet",
                "secondary_ip_range_names": [],
                "source_ip_ranges_to_nat": [
                  "ALL_IP_RANGES"
                ]
              }
            ],
            "tcp_established_idle_timeout_sec": 1200,
            "tcp_time_wait_timeout_sec": 120,
            "tcp_transitory_idle_timeout_sec": 30,
            "timeouts": null,
            "udp_idle_timeout_sec": 30
          },
          "sensitive_attributes": [],
          "private": "eyJlMmJmYjczMC1lY2FhLTExZTYtOGY4OC0zNDM2M2JjN2M0YzAiOnsiY3JlYXRlIjoxMjAwMDAwMDAwMDAwLCJkZWxldGUiOjEyMDAwMDAwMDAwMDAsInVwZGF0ZSI6MTIwMDAwMDAwMDAwMH19",
          "dependencies": [
            "google_compute_address.nat_gw_address",
            "google_compute_network.vpc",
            "google_compute_router.nat_router",
            "google_compute_subnetwork.subnet",
            "google_folder.folder",
            "google_project.project",
            "random_integer.salt"
          ]
        },
        {
          "index_key": "us-east1",
          "schema_version": 0,
          "attributes": {
            "auto_network_tier": "",
            "drain_nat_ips": [],
            "enable_dynamic_port_allocation": false,
            "enable_endpoint_independent_mapping": false,
            "endpoint_types": [
              "ENDPOINT_TYPE_VM"
            ],
            "icmp_idle_timeout_sec": 30,
            "id": "gke-gateway-demo-705700/us-east1/demo-nat-rtr/nat-ext-addr",
            "log_config": [],
            "max_ports_per_vm": 0,
            "min_ports_per_vm": 0,
            "name": "nat-ext-addr",
            "nat_ip_allocate_option": "MANUAL_ONLY",
            "nat_ips": [
              "https://www.googleapis.com/compute/v1/projects/gke-gateway-demo-705700/regions/us-east1/addresses/nat-ext-addr"
            ],
            "project": "gke-gateway-demo-705700",
            "region": "us-east1",
            "router": "demo-nat-rtr",
            "rules": [],
            "source_subnetwork_ip_ranges_to_nat": "LIST_OF_SUBNETWORKS",
            "subnetwork": [
              {
                "name": "https://www.googleapis.com/compute/v1/projects/gke-gateway-demo-705700/regions/us-east1/subnetworks/demo-subnet",
                "secondary_ip_range_names": [],
                "source_ip_ranges_to_nat": [
                  "ALL_IP_RANGES"
                ]
              }
            ],
            "tcp_established_idle_timeout_sec": 1200,
            "tcp_time_wait_timeout_sec": 120,
            "tcp_transitory_idle_timeout_sec": 30,
            "timeouts": null,
            "udp_idle_timeout_sec": 30
          },
          "sensitive_attributes": [],
          "private": "eyJlMmJmYjczMC1lY2FhLTExZTYtOGY4OC0zNDM2M2JjN2M0YzAiOnsiY3JlYXRlIjoxMjAwMDAwMDAwMDAwLCJkZWxldGUiOjEyMDAwMDAwMDAwMDAsInVwZGF0ZSI6MTIwMDAwMDAwMDAwMH19",
          "dependencies": [
            "google_compute_address.nat_gw_address",
            "google_compute_network.vpc",
            "google_compute_router.nat_router",
            "google_compute_subnetwork.subnet",
            "google_folder.folder",
            "google_project.project",
            "random_integer.salt"
          ]
        }
      ]
    },
    {
      "mode": "managed",
      "type": "google_compute_subnetwork",
      "name": "subnet",
      "provider": "provider[\"registry.terraform.io/hashicorp/google\"]",
      "instances": [
        {
          "index_key": "europe-west1",
          "schema_version": 0,
          "attributes": {
            "creation_timestamp": "2024-07-02T14:47:17.625-07:00",
            "description": "",
            "external_ipv6_prefix": "",
            "fingerprint": null,
            "gateway_address": "10.0.0.1",
            "id": "projects/gke-gateway-demo-705700/regions/europe-west1/subnetworks/demo-subnet",
            "internal_ipv6_prefix": "",
            "ip_cidr_range": "10.0.0.0/18",
            "ipv6_access_type": "",
            "ipv6_cidr_range": "",
            "log_config": [],
            "name": "demo-subnet",
            "network": "https://www.googleapis.com/compute/v1/projects/gke-gateway-demo-705700/global/networks/demo-vpc",
            "private_ip_google_access": true,
            "private_ipv6_google_access": "DISABLE_GOOGLE_ACCESS",
            "project": "gke-gateway-demo-705700",
            "purpose": "PRIVATE",
            "region": "europe-west1",
            "role": "",
            "secondary_ip_range": [
              {
                "ip_cidr_range": "10.0.64.0/18",
                "range_name": "pod-range"
              },
              {
                "ip_cidr_range": "10.0.128.0/18",
                "range_name": "service-range"
              }
            ],
            "self_link": "https://www.googleapis.com/compute/v1/projects/gke-gateway-demo-705700/regions/europe-west1/subnetworks/demo-subnet",
            "stack_type": "IPV4_ONLY",
            "timeouts": null
          },
          "sensitive_attributes": [],
          "private": "eyJlMmJmYjczMC1lY2FhLTExZTYtOGY4OC0zNDM2M2JjN2M0YzAiOnsiY3JlYXRlIjoxMjAwMDAwMDAwMDAwLCJkZWxldGUiOjEyMDAwMDAwMDAwMDAsInVwZGF0ZSI6MTIwMDAwMDAwMDAwMH19",
          "dependencies": [
            "google_compute_network.vpc",
            "google_folder.folder",
            "google_project.project",
            "random_integer.salt"
          ]
        },
        {
          "index_key": "us-east1",
          "schema_version": 0,
          "attributes": {
            "creation_timestamp": "2024-07-02T14:47:07.667-07:00",
            "description": "",
            "external_ipv6_prefix": "",
            "fingerprint": null,
            "gateway_address": "10.1.0.1",
            "id": "projects/gke-gateway-demo-705700/regions/us-east1/subnetworks/demo-subnet",
            "internal_ipv6_prefix": "",
            "ip_cidr_range": "10.1.0.0/18",
            "ipv6_access_type": "",
            "ipv6_cidr_range": "",
            "log_config": [],
            "name": "demo-subnet",
            "network": "https://www.googleapis.com/compute/v1/projects/gke-gateway-demo-705700/global/networks/demo-vpc",
            "private_ip_google_access": true,
            "private_ipv6_google_access": "DISABLE_GOOGLE_ACCESS",
            "project": "gke-gateway-demo-705700",
            "purpose": "PRIVATE",
            "region": "us-east1",
            "role": "",
            "secondary_ip_range": [
              {
                "ip_cidr_range": "10.1.64.0/18",
                "range_name": "pod-range"
              },
              {
                "ip_cidr_range": "10.1.128.0/18",
                "range_name": "service-range"
              }
            ],
            "self_link": "https://www.googleapis.com/compute/v1/projects/gke-gateway-demo-705700/regions/us-east1/subnetworks/demo-subnet",
            "stack_type": "IPV4_ONLY",
            "timeouts": null
          },
          "sensitive_attributes": [],
          "private": "eyJlMmJmYjczMC1lY2FhLTExZTYtOGY4OC0zNDM2M2JjN2M0YzAiOnsiY3JlYXRlIjoxMjAwMDAwMDAwMDAwLCJkZWxldGUiOjEyMDAwMDAwMDAwMDAsInVwZGF0ZSI6MTIwMDAwMDAwMDAwMH19",
          "dependencies": [
            "google_compute_network.vpc",
            "google_folder.folder",
            "google_project.project",
            "random_integer.salt"
          ]
        }
      ]
    },
    {
      "mode": "managed",
      "type": "google_container_cluster",
      "name": "clusters",
      "provider": "provider[\"registry.terraform.io/hashicorp/google\"]",
      "instances": [
        {
          "index_key": "europe-west1",
          "schema_version": 2,
          "attributes": {
            "addons_config": [
              {
                "cloudrun_config": [],
                "config_connector_config": [],
                "dns_cache_config": [],
                "gce_persistent_disk_csi_driver_config": [
                  {
                    "enabled": true
                  }
                ],
                "gcp_filestore_csi_driver_config": [],
                "gcs_fuse_csi_driver_config": [],
                "gke_backup_agent_config": [],
                "horizontal_pod_autoscaling": [],
                "http_load_balancing": [],
                "network_policy_config": [
                  {
                    "disabled": true
                  }
                ],
                "stateful_ha_config": []
              }
            ],
            "allow_net_admin": null,
            "authenticator_groups_config": [],
            "binary_authorization": [
              {
                "enabled": false,
                "evaluation_mode": ""
              }
            ],
            "cluster_autoscaling": [
              {
                "auto_provisioning_defaults": [],
                "autoscaling_profile": "BALANCED",
                "enabled": false,
                "resource_limits": []
              }
            ],
            "cluster_ipv4_cidr": "10.0.64.0/18",
            "confidential_nodes": [],
            "cost_management_config": [
              {
                "enabled": true
              }
            ],
            "database_encryption": [
              {
                "key_name": "",
                "state": "DECRYPTED"
              }
            ],
            "datapath_provider": "ADVANCED_DATAPATH",
            "default_max_pods_per_node": 110,
            "default_snat_status": [
              {
                "disabled": false
              }
            ],
            "deletion_protection": false,
            "description": "",
            "dns_config": [],
            "enable_autopilot": false,
            "enable_cilium_clusterwide_network_policy": false,
            "enable_intranode_visibility": false,
            "enable_k8s_beta_apis": [],
            "enable_kubernetes_alpha": false,
            "enable_l4_ilb_subsetting": false,
            "enable_legacy_abac": false,
            "enable_shielded_nodes": true,
            "enable_tpu": false,
            "endpoint": "10.0.192.2",
            "fleet": [
              {
                "membership": "//gkehub.googleapis.com/projects/gke-gateway-demo-705700/locations/europe-west1/memberships/cluster-europe-west1",
                "membership_id": "cluster-europe-west1",
                "membership_location": "europe-west1",
                "pre_registered": false,
                "project": "gke-gateway-demo-705700"
              }
            ],
            "gateway_api_config": [
              {
                "channel": "CHANNEL_STANDARD"
              }
            ],
            "id": "projects/gke-gateway-demo-705700/locations/europe-west1/clusters/cluster-europe-west1",
            "identity_service_config": [],
            "initial_node_count": 1,
            "ip_allocation_policy": [
              {
                "additional_pod_ranges_config": [],
                "cluster_ipv4_cidr_block": "10.0.64.0/18",
                "cluster_secondary_range_name": "pod-range",
                "pod_cidr_overprovision_config": [
                  {
                    "disabled": false
                  }
                ],
                "services_ipv4_cidr_block": "10.0.128.0/18",
                "services_secondary_range_name": "service-range",
                "stack_type": "IPV4"
              }
            ],
            "label_fingerprint": "a9dc16a7",
            "location": "europe-west1",
            "logging_config": [
              {
                "enable_components": [
                  "SYSTEM_COMPONENTS",
                  "WORKLOADS",
                  "APISERVER",
                  "SCHEDULER",
                  "CONTROLLER_MANAGER"
                ]
              }
            ],
            "logging_service": "logging.googleapis.com/kubernetes",
            "maintenance_policy": [],
            "master_auth": [
              {
                "client_certificate": "",
                "client_certificate_config": [
                  {
                    "issue_client_certificate": false
                  }
                ],
                "client_key": "",
                "cluster_ca_certificate": "LS0tLS1CRUdJTiBDRVJUSUZJQ0FURS0tLS0tCk1JSUVMRENDQXBTZ0F3SUJBZ0lRWUoxU1JFNThMVkwxYzZ4dGRWbFEwekFOQmdrcWhraUc5dzBCQVFzRkFEQXYKTVMwd0t3WURWUVFERXlSa09HWXdZbU14TWkwM1pXTTFMVFE0T1RBdFlqTXdOeTAxWTJFNU1tUmhPV1UwTlRNdwpJQmNOTWpRd056QXpNRFl4TmpBeFdoZ1BNakExTkRBMk1qWXdOekUyTURGYU1DOHhMVEFyQmdOVkJBTVRKR1E0ClpqQmlZekV5TFRkbFl6VXRORGc1TUMxaU16QTNMVFZqWVRreVpHRTVaVFExTXpDQ0FhSXdEUVlKS29aSWh2Y04KQVFFQkJRQURnZ0dQQURDQ0FZb0NnZ0dCQU1CWTNNV01tNUlqejVTaktpSm80RmF3SENOYStXbTZiekZEYzBSawpENUZJT2E3OXlMbUlBUWNxS0hiS2NmUnlvbmFrM0FlYnVtSEV2cFJ0M3RqMDJjeFo4bDRqSWJxRjh2TXpSQjNmCi9Pdkh4REdaaWh5SGRXdTc5ZzRLZ2thS3pjNTBEWDFUNTFYeVMwdDNFNU5YMW1BU2RoSWJOd2c2eE03eUZtVVAKWHc2V3NYd1ZPclQ3a2NDSVorVEVsZUhNRXZQZThocERCUElqc3RWcWdnWDhka1dCRG5Jb0ZBdEk4K1BPWS85MAo3N3dmTXM2QkUxSzdaQkdTWUNZOVZhalE5V1BtSVNqbjdKMnNxcUVJYitlMG5BdkdsN01jOWh3S2RJWmxQZTJBCnI4RXJCQlY0SUpFb1F0RFdRaXpDOERSZEZoem5vOWxtOTUrRXZzUFFadVZTanB3ZzZyYS9tZ1Z4WWhrRHpmM0IKTmV5RnlDenlMRmptYkRXd0trVWlMa01JNVRqb1p5VXRmbysxY1p6dEF2T1dUejZVNGh0T1MrZTV3cTBtK2oveAo2VHJlMzVqZTJuUFJxRStSNE45aFIzSUgzMHZUaHZjanRzSDBEN0cyY1pDd3Q2VGlpMDZKTWsxVnVyUXdLZTdOCnRkMW5WOEczMjhEdVdRSmZlSTdTWW8xdlNRSURBUUFCbzBJd1FEQU9CZ05WSFE4QkFmOEVCQU1DQWdRd0R3WUQKVlIwVEFRSC9CQVV3QXdFQi96QWRCZ05WSFE0RUZnUVVwc0JHNTlaTTZ1UEdpRUxTMy9XUHBjZ3k1NE13RFFZSgpLb1pJaHZjTkFRRUxCUUFEZ2dHQkFFbnorRE0yMGZmektPL3E0N1dFQTMyRzIyUTdTc2l5ZkdkN3F6QWVyaUF0CjJPb01Hajc2ZUhHWHVnUFhJeTRVS0wvYzlrN2dTUTJYUmVWRDdvUndVQngyWFl4N3pMUVdpZFpGME9OT3Q5T2YKQUlxazBsSVR0OElUalQ3UitsTkhnRFQ3Nk5GenZ4YWEvN3dFcWJ6dngrUkJRK096VTZBVWZ5TVVzdE03MUpIcgpDcFFpYXlxRzlnRVpNTHBoUXBjVTd1eWtQT0tHSktvS2VabzJHUDhFK2RtWnJNUlh2T1hjZ28vVHMrR2plL1RvClBSSTVVdGNOajhVOVlMZzAzZy9YMm5FUEprNGNxdytid2F4NWVkZzUxd0tJMVhyUmlxT01VNnQySjJMVXZvVkkKYmZ2cTErc3ZON1UwM3poU2xrSzUrYUx6RTh4ZkR6L2Fsd3JQOHVQWHhYM3VCUzR5OVQyUFUvYy90ai9ScTJyVApRTjNVN1V0NmFDSmxlTDNMaVhaZHZUVDFKUDcyenh0UkJmL3JHTkdmRmt2K1VBV2Z1eFljM3Frd3FrRnA1YzU2CitMU3MveUdwMG1tb2VRQW5PUElaZ1IwMDYyeEJUS2tFMFQ2YTg2cCttek9xNitadDVuYWxvSms1Yk5wL2JPb3kKWkoxaVlDcjdhM2R4YzJRakxkNVBMQT09Ci0tLS0tRU5EIENFUlRJRklDQVRFLS0tLS0K"
              }
            ],
            "master_authorized_networks_config": [
              {
                "cidr_blocks": [
                  {
                    "cidr_block": "10.0.0.0/8",
                    "display_name": "all"
                  }
                ],
                "gcp_public_cidrs_access_enabled": false
              }
            ],
            "master_version": "1.30.1-gke.1329000",
            "mesh_certificates": [],
            "min_master_version": null,
            "monitoring_config": [
              {
                "advanced_datapath_observability_config": [
                  {
                    "enable_metrics": false,
                    "enable_relay": false,
                    "relay_mode": "DISABLED"
                  }
                ],
                "enable_components": [
                  "SYSTEM_COMPONENTS",
                  "APISERVER",
                  "SCHEDULER",
                  "CONTROLLER_MANAGER",
                  "STORAGE",
                  "HPA",
                  "POD",
                  "DAEMONSET",
                  "DEPLOYMENT",
                  "STATEFULSET"
                ],
                "managed_prometheus": [
                  {
                    "enabled": true
                  }
                ]
              }
            ],
            "monitoring_service": "monitoring.googleapis.com/kubernetes",
            "name": "cluster-europe-west1",
            "network": "projects/gke-gateway-demo-705700/global/networks/demo-vpc",
            "network_policy": [
              {
                "enabled": false,
                "provider": "PROVIDER_UNSPECIFIED"
              }
            ],
            "networking_mode": "VPC_NATIVE",
            "node_config": [
              {
                "advanced_machine_features": [],
                "boot_disk_kms_key": "",
                "confidential_nodes": [],
                "containerd_config": [],
                "disk_size_gb": 100,
                "disk_type": "pd-balanced",
                "effective_taints": [],
                "enable_confidential_storage": false,
                "ephemeral_storage_local_ssd_config": [],
                "fast_socket": [],
                "gcfs_config": [],
                "guest_accelerator": [],
                "gvnic": [],
                "host_maintenance_policy": [],
                "image_type": "COS_CONTAINERD",
                "kubelet_config": [],
                "labels": {},
                "linux_node_config": [],
                "local_nvme_ssd_block_config": [],
                "local_ssd_count": 0,
                "logging_variant": "DEFAULT",
                "machine_type": "e2-standard-4",
                "metadata": {
                  "disable-legacy-endpoints": "true"
                },
                "min_cpu_platform": "",
                "node_group": "",
                "oauth_scopes": [
                  "https://www.googleapis.com/auth/cloud-platform"
                ],
                "preemptible": false,
                "reservation_affinity": [],
                "resource_labels": {},
                "resource_manager_tags": {},
                "secondary_boot_disks": [],
                "service_account": "cluster-europe-west1-952ebb30@gke-gateway-demo-705700.iam.gserviceaccount.com",
                "shielded_instance_config": [
                  {
                    "enable_integrity_monitoring": true,
                    "enable_secure_boot": true
                  }
                ],
                "sole_tenant_config": [],
                "spot": false,
                "tags": [],
                "taint": [],
                "workload_metadata_config": [
                  {
                    "mode": "GKE_METADATA"
                  }
                ]
              }
            ],
            "node_locations": [
              "europe-west1-b",
              "europe-west1-c",
              "europe-west1-d"
            ],
            "node_pool": [
              {
                "autoscaling": [],
                "initial_node_count": 1,
                "instance_group_urls": [
                  "https://www.googleapis.com/compute/v1/projects/gke-gateway-demo-705700/zones/europe-west1-d/instanceGroupManagers/gke-cluster-europe-west1-np-952ebb30-30bde5a2-grp",
                  "https://www.googleapis.com/compute/v1/projects/gke-gateway-demo-705700/zones/europe-west1-b/instanceGroupManagers/gke-cluster-europe-west1-np-952ebb30-598b23be-grp",
                  "https://www.googleapis.com/compute/v1/projects/gke-gateway-demo-705700/zones/europe-west1-c/instanceGroupManagers/gke-cluster-europe-west1-np-952ebb30-9c24f3c7-grp"
                ],
                "managed_instance_group_urls": [
                  "https://www.googleapis.com/compute/v1/projects/gke-gateway-demo-705700/zones/europe-west1-d/instanceGroups/gke-cluster-europe-west1-np-952ebb30-30bde5a2-grp",
                  "https://www.googleapis.com/compute/v1/projects/gke-gateway-demo-705700/zones/europe-west1-b/instanceGroups/gke-cluster-europe-west1-np-952ebb30-598b23be-grp",
                  "https://www.googleapis.com/compute/v1/projects/gke-gateway-demo-705700/zones/europe-west1-c/instanceGroups/gke-cluster-europe-west1-np-952ebb30-9c24f3c7-grp"
                ],
                "management": [
                  {
                    "auto_repair": true,
                    "auto_upgrade": true
                  }
                ],
                "max_pods_per_node": 110,
                "name": "np-952ebb30",
                "name_prefix": "",
                "network_config": [
                  {
                    "create_pod_range": false,
                    "enable_private_nodes": true,
                    "network_performance_config": [],
                    "pod_cidr_overprovision_config": [],
                    "pod_ipv4_cidr_block": "10.0.64.0/18",
                    "pod_range": "pod-range"
                  }
                ],
                "node_config": [
                  {
                    "advanced_machine_features": [],
                    "boot_disk_kms_key": "",
                    "confidential_nodes": [],
                    "containerd_config": [],
                    "disk_size_gb": 100,
                    "disk_type": "pd-balanced",
                    "effective_taints": [],
                    "enable_confidential_storage": false,
                    "ephemeral_storage_local_ssd_config": [],
                    "fast_socket": [],
                    "gcfs_config": [],
                    "guest_accelerator": [],
                    "gvnic": [],
                    "host_maintenance_policy": [],
                    "image_type": "COS_CONTAINERD",
                    "kubelet_config": [],
                    "labels": {},
                    "linux_node_config": [],
                    "local_nvme_ssd_block_config": [],
                    "local_ssd_count": 0,
                    "logging_variant": "DEFAULT",
                    "machine_type": "e2-standard-4",
                    "metadata": {
                      "disable-legacy-endpoints": "true"
                    },
                    "min_cpu_platform": "",
                    "node_group": "",
                    "oauth_scopes": [
                      "https://www.googleapis.com/auth/cloud-platform"
                    ],
                    "preemptible": false,
                    "reservation_affinity": [],
                    "resource_labels": {},
                    "resource_manager_tags": {},
                    "secondary_boot_disks": [],
                    "service_account": "cluster-europe-west1-952ebb30@gke-gateway-demo-705700.iam.gserviceaccount.com",
                    "shielded_instance_config": [
                      {
                        "enable_integrity_monitoring": true,
                        "enable_secure_boot": true
                      }
                    ],
                    "sole_tenant_config": [],
                    "spot": false,
                    "tags": [],
                    "taint": [],
                    "workload_metadata_config": [
                      {
                        "mode": "GKE_METADATA"
                      }
                    ]
                  }
                ],
                "node_count": 1,
                "node_locations": [
                  "europe-west1-b",
                  "europe-west1-c",
                  "europe-west1-d"
                ],
                "placement_policy": [],
                "queued_provisioning": [],
                "upgrade_settings": [
                  {
                    "blue_green_settings": [],
                    "max_surge": 1,
                    "max_unavailable": 0,
                    "strategy": "SURGE"
                  }
                ],
                "version": "1.30.1-gke.1329000"
              }
            ],
            "node_pool_auto_config": [],
            "node_pool_defaults": [
              {
                "node_config_defaults": [
                  {
                    "containerd_config": [],
                    "logging_variant": "DEFAULT"
                  }
                ]
              }
            ],
            "node_version": "1.30.1-gke.1329000",
            "notification_config": [
              {
                "pubsub": [
                  {
                    "enabled": false,
                    "filter": [],
                    "topic": ""
                  }
                ]
              }
            ],
            "operation": null,
            "private_cluster_config": [
              {
                "enable_private_endpoint": true,
                "enable_private_nodes": true,
                "master_global_access_config": [
                  {
                    "enabled": true
                  }
                ],
                "master_ipv4_cidr_block": "10.0.192.0/28",
                "peering_name": "",
                "private_endpoint": "10.0.192.2",
                "private_endpoint_subnetwork": "",
                "public_endpoint": "34.78.74.187"
              }
            ],
            "private_ipv6_google_access": "",
            "project": "gke-gateway-demo-705700",
            "release_channel": [
              {
                "channel": "RAPID"
              }
            ],
            "remove_default_node_pool": true,
            "resource_labels": {},
            "resource_usage_export_config": [],
            "security_posture_config": [
              {
                "mode": "DISABLED",
                "vulnerability_mode": "VULNERABILITY_DISABLED"
              }
            ],
            "self_link": "https://container.googleapis.com/v1/projects/gke-gateway-demo-705700/locations/europe-west1/clusters/cluster-europe-west1",
            "service_external_ips_config": [
              {
                "enabled": false
              }
            ],
            "services_ipv4_cidr": "10.0.128.0/18",
            "subnetwork": "projects/gke-gateway-demo-705700/regions/europe-west1/subnetworks/demo-subnet",
            "timeouts": {
              "create": "45m",
              "delete": "45m",
              "read": null,
              "update": "45m"
            },
            "tpu_ipv4_cidr_block": "",
            "vertical_pod_autoscaling": [],
            "workload_identity_config": [
              {
                "workload_pool": "gke-gateway-demo-705700.svc.id.goog"
              }
            ]
          },
          "sensitive_attributes": [],
          "private": "eyJlMmJmYjczMC1lY2FhLTExZTYtOGY4OC0zNDM2M2JjN2M0YzAiOnsiY3JlYXRlIjoyNzAwMDAwMDAwMDAwLCJkZWxldGUiOjI3MDAwMDAwMDAwMDAsInJlYWQiOjI0MDAwMDAwMDAwMDAsInVwZGF0ZSI6MjcwMDAwMDAwMDAwMH0sInNjaGVtYV92ZXJzaW9uIjoiMiJ9",
          "dependencies": [
            "google_compute_network.vpc",
            "google_compute_subnetwork.subnet",
            "google_folder.folder",
            "google_project.project",
            "google_service_account.cluster_sa",
            "random_id.postfix",
            "random_integer.salt"
          ]
        },
        {
          "index_key": "us-east1",
          "schema_version": 2,
          "attributes": {
            "addons_config": [
              {
                "cloudrun_config": [],
                "config_connector_config": [],
                "dns_cache_config": [],
                "gce_persistent_disk_csi_driver_config": [
                  {
                    "enabled": true
                  }
                ],
                "gcp_filestore_csi_driver_config": [],
                "gcs_fuse_csi_driver_config": [],
                "gke_backup_agent_config": [],
                "horizontal_pod_autoscaling": [],
                "http_load_balancing": [],
                "network_policy_config": [
                  {
                    "disabled": true
                  }
                ],
                "stateful_ha_config": []
              }
            ],
            "allow_net_admin": null,
            "authenticator_groups_config": [],
            "binary_authorization": [
              {
                "enabled": false,
                "evaluation_mode": ""
              }
            ],
            "cluster_autoscaling": [
              {
                "auto_provisioning_defaults": [],
                "autoscaling_profile": "BALANCED",
                "enabled": false,
                "resource_limits": []
              }
            ],
            "cluster_ipv4_cidr": "10.1.64.0/18",
            "confidential_nodes": [],
            "cost_management_config": [
              {
                "enabled": true
              }
            ],
            "database_encryption": [
              {
                "key_name": "",
                "state": "DECRYPTED"
              }
            ],
            "datapath_provider": "ADVANCED_DATAPATH",
            "default_max_pods_per_node": 110,
            "default_snat_status": [
              {
                "disabled": false
              }
            ],
            "deletion_protection": false,
            "description": "",
            "dns_config": [],
            "enable_autopilot": false,
            "enable_cilium_clusterwide_network_policy": false,
            "enable_intranode_visibility": false,
            "enable_k8s_beta_apis": [],
            "enable_kubernetes_alpha": false,
            "enable_l4_ilb_subsetting": false,
            "enable_legacy_abac": false,
            "enable_shielded_nodes": true,
            "enable_tpu": false,
            "endpoint": "10.1.192.2",
            "fleet": [
              {
                "membership": "//gkehub.googleapis.com/projects/gke-gateway-demo-705700/locations/us-east1/memberships/cluster-us-east1",
                "membership_id": "cluster-us-east1",
                "membership_location": "us-east1",
                "pre_registered": false,
                "project": "gke-gateway-demo-705700"
              }
            ],
            "gateway_api_config": [
              {
                "channel": "CHANNEL_STANDARD"
              }
            ],
            "id": "projects/gke-gateway-demo-705700/locations/us-east1/clusters/cluster-us-east1",
            "identity_service_config": [],
            "initial_node_count": 1,
            "ip_allocation_policy": [
              {
                "additional_pod_ranges_config": [],
                "cluster_ipv4_cidr_block": "10.1.64.0/18",
                "cluster_secondary_range_name": "pod-range",
                "pod_cidr_overprovision_config": [
                  {
                    "disabled": false
                  }
                ],
                "services_ipv4_cidr_block": "10.1.128.0/18",
                "services_secondary_range_name": "service-range",
                "stack_type": "IPV4"
              }
            ],
            "label_fingerprint": "a9dc16a7",
            "location": "us-east1",
            "logging_config": [
              {
                "enable_components": [
                  "SYSTEM_COMPONENTS",
                  "WORKLOADS",
                  "APISERVER",
                  "SCHEDULER",
                  "CONTROLLER_MANAGER"
                ]
              }
            ],
            "logging_service": "logging.googleapis.com/kubernetes",
            "maintenance_policy": [],
            "master_auth": [
              {
                "client_certificate": "",
                "client_certificate_config": [
                  {
                    "issue_client_certificate": false
                  }
                ],
                "client_key": "",
                "cluster_ca_certificate": "LS0tLS1CRUdJTiBDRVJUSUZJQ0FURS0tLS0tCk1JSUVMVENDQXBXZ0F3SUJBZ0lSQUxsSVQ3Z3RaRU40WXh1VGV6b0NNSDB3RFFZSktvWklodmNOQVFFTEJRQXcKTHpFdE1Dc0dBMVVFQXhNa00yVm1PREEwT1RrdFl6VTBNQzAwTWpBNExXSTJOV1F0TmpFME1EVXdOMk16TkRReQpNQ0FYRFRJME1EY3dNekEyTVRZd01sb1lEekl3TlRRd05qSTJNRGN4TmpBeVdqQXZNUzB3S3dZRFZRUURFeVF6ClpXWTRNRFE1T1Mxak5UUXdMVFF5TURndFlqWTFaQzAyTVRRd05UQTNZek0wTkRJd2dnR2lNQTBHQ1NxR1NJYjMKRFFFQkFRVUFBNElCandBd2dnR0tBb0lCZ1FDdnNaSk5kcTAwRkxoN0ZYdEVoSk52SE5PcGM5Zk9idTVndEl2cwphWU1XVi90U1hzM3RwbS9Zc0pkY2pZS2Q4OHlOcUxjZElJYXo4WWJiSkdZc3lDd0RHUlkrNVRGSHpaTlI4cmtICitKQjNYbEFiRm5USElVeXRWMFdWWk5JWFBrYk55WmNTck5hS1RicWQ1bTh0UGJ1VWlWNUNWOTA4RUVNc09zY2YKeWVYdkE3dGFiZ0I5emFoeXhLd293b05iY2J6TFYvQkc4dFJEQ29mWGlrdHhkM3RhWVhzQXFYSEFUc2RMZkpjcgovOGlISkt0M2xta1hVZ0IrdmowNUZPNU81bEh4L25uZnV0Z21TRTl4V2dqL3lNSkNuOVpORks0WmlCMGRxSytTCnd6TzdDSlkzRnI1L1ZUaDErNGwwQU1FOHlvVlhZRzNkU3l3UDY0ZU5rRThwS1VEclg0WUxCZEZIcGdhTG9zSGwKT210Mmx1dDFuUGJlcW5peUhBVDYvUHdXcHdzN3dwcEFKbFBBelUxK0FNeHl4TnJIU01HZENvZ0oydmdTb0VQVAoxUmRqeGdZcVNOMG4xRmlWT0h6U2JFWXF3V0VGZVhSRUYwRFJ3N3lseld6cHNBdk1Sa3k0M0NDaUJiYm9WVEwrClBLNFl0UG5vMHVYT09SSVF4STZlQ3VDSTNXc0NBd0VBQWFOQ01FQXdEZ1lEVlIwUEFRSC9CQVFEQWdJRU1BOEcKQTFVZEV3RUIvd1FGTUFNQkFmOHdIUVlEVlIwT0JCWUVGSTVmL1VyQ1Nzd1JZUWV3Zi9qeW1sNzRSeUdWTUEwRwpDU3FHU0liM0RRRUJDd1VBQTRJQmdRQ01Mbll0VDhpNjVlbFliYWRzcDQzQ0lzTDJUQXZlSTJaOCswVGJxVzRECjV3SiswbDRKUFUvdUdyUGtNamtNaUl6cjFUVlE2VmlxbVJDMDBkUGdKNXByMWlPdEw4cWZGOFBHQWNBMVlxWkYKeDY1a1BtYU1YQm0rVElCUU0vQVBTbk4zWWhDYkQwNWtxaUQ5ZHFBbFgrRDJlVm1DN1owRUl4cEFTUnpQbTFKVwoxSisyM290MjFpemFQY2l0SFV0cGVmN3ZwMzhGSVA0b3BUQ2ZWVGFzM0Z2Rnp1RmV1WDQxN0RyVXltVUZoZDgrCmw3L3lQejZpMXRGQXR6S21UZHlXVVhVTEZraU9NQ0lBS0N5Nkg3ZUVUeXU3SDNNcktseDBpTW9hWFE4YnZLeTkKTlQ0QWc2MEkvTTBMSEJTamFDTmFkKytleHR0dG9YZ2hxZ1o0UFRudXhWSXhJcXNQUlpvb3VOQTZteVFxT094bAoydnVLeVdhL1JxTEpETk9iU0ZlL0lvZFA5NURuaXFDMExTYTdjS2IrbFBRb0p5TTI4TVY2UWhRbEZFQnJQQ1d6CkVkS1YvTG03VTBMM0E4a1hWMjVMS00zNmdIejZTQXRucFNqbjBRV0p3Wjl0dnVDclhnc2lzSFBZWGZnTlJuZTEKallEekFpY0FQM3pXWW9GSVVkVUo1U009Ci0tLS0tRU5EIENFUlRJRklDQVRFLS0tLS0K"
              }
            ],
            "master_authorized_networks_config": [
              {
                "cidr_blocks": [
                  {
                    "cidr_block": "10.0.0.0/8",
                    "display_name": "all"
                  }
                ],
                "gcp_public_cidrs_access_enabled": false
              }
            ],
            "master_version": "1.30.1-gke.1329000",
            "mesh_certificates": [],
            "min_master_version": null,
            "monitoring_config": [
              {
                "advanced_datapath_observability_config": [
                  {
                    "enable_metrics": false,
                    "enable_relay": false,
                    "relay_mode": "DISABLED"
                  }
                ],
                "enable_components": [
                  "SYSTEM_COMPONENTS",
                  "APISERVER",
                  "SCHEDULER",
                  "CONTROLLER_MANAGER",
                  "STORAGE",
                  "HPA",
                  "POD",
                  "DAEMONSET",
                  "DEPLOYMENT",
                  "STATEFULSET"
                ],
                "managed_prometheus": [
                  {
                    "enabled": true
                  }
                ]
              }
            ],
            "monitoring_service": "monitoring.googleapis.com/kubernetes",
            "name": "cluster-us-east1",
            "network": "projects/gke-gateway-demo-705700/global/networks/demo-vpc",
            "network_policy": [
              {
                "enabled": false,
                "provider": "PROVIDER_UNSPECIFIED"
              }
            ],
            "networking_mode": "VPC_NATIVE",
            "node_config": [
              {
                "advanced_machine_features": [],
                "boot_disk_kms_key": "",
                "confidential_nodes": [],
                "containerd_config": [],
                "disk_size_gb": 100,
                "disk_type": "pd-balanced",
                "effective_taints": [],
                "enable_confidential_storage": false,
                "ephemeral_storage_local_ssd_config": [],
                "fast_socket": [],
                "gcfs_config": [],
                "guest_accelerator": [],
                "gvnic": [],
                "host_maintenance_policy": [],
                "image_type": "COS_CONTAINERD",
                "kubelet_config": [],
                "labels": {},
                "linux_node_config": [],
                "local_nvme_ssd_block_config": [],
                "local_ssd_count": 0,
                "logging_variant": "DEFAULT",
                "machine_type": "e2-standard-4",
                "metadata": {
                  "disable-legacy-endpoints": "true"
                },
                "min_cpu_platform": "",
                "node_group": "",
                "oauth_scopes": [
                  "https://www.googleapis.com/auth/cloud-platform"
                ],
                "preemptible": false,
                "reservation_affinity": [],
                "resource_labels": {},
                "resource_manager_tags": {},
                "secondary_boot_disks": [],
                "service_account": "cluster-us-east1-952ebb30@gke-gateway-demo-705700.iam.gserviceaccount.com",
                "shielded_instance_config": [
                  {
                    "enable_integrity_monitoring": true,
                    "enable_secure_boot": true
                  }
                ],
                "sole_tenant_config": [],
                "spot": false,
                "tags": [],
                "taint": [],
                "workload_metadata_config": [
                  {
                    "mode": "GKE_METADATA"
                  }
                ]
              }
            ],
            "node_locations": [
              "us-east1-b",
              "us-east1-c",
              "us-east1-d"
            ],
            "node_pool": [
              {
                "autoscaling": [],
                "initial_node_count": 1,
                "instance_group_urls": [
                  "https://www.googleapis.com/compute/v1/projects/gke-gateway-demo-705700/zones/us-east1-d/instanceGroupManagers/gke-cluster-us-east1-np-952ebb30-d30d8b01-grp",
                  "https://www.googleapis.com/compute/v1/projects/gke-gateway-demo-705700/zones/us-east1-b/instanceGroupManagers/gke-cluster-us-east1-np-952ebb30-3cded9a5-grp",
                  "https://www.googleapis.com/compute/v1/projects/gke-gateway-demo-705700/zones/us-east1-c/instanceGroupManagers/gke-cluster-us-east1-np-952ebb30-d5a9ccf5-grp"
                ],
                "managed_instance_group_urls": [
                  "https://www.googleapis.com/compute/v1/projects/gke-gateway-demo-705700/zones/us-east1-d/instanceGroups/gke-cluster-us-east1-np-952ebb30-d30d8b01-grp",
                  "https://www.googleapis.com/compute/v1/projects/gke-gateway-demo-705700/zones/us-east1-b/instanceGroups/gke-cluster-us-east1-np-952ebb30-3cded9a5-grp",
                  "https://www.googleapis.com/compute/v1/projects/gke-gateway-demo-705700/zones/us-east1-c/instanceGroups/gke-cluster-us-east1-np-952ebb30-d5a9ccf5-grp"
                ],
                "management": [
                  {
                    "auto_repair": true,
                    "auto_upgrade": true
                  }
                ],
                "max_pods_per_node": 110,
                "name": "np-952ebb30",
                "name_prefix": "",
                "network_config": [
                  {
                    "create_pod_range": false,
                    "enable_private_nodes": true,
                    "network_performance_config": [],
                    "pod_cidr_overprovision_config": [],
                    "pod_ipv4_cidr_block": "10.1.64.0/18",
                    "pod_range": "pod-range"
                  }
                ],
                "node_config": [
                  {
                    "advanced_machine_features": [],
                    "boot_disk_kms_key": "",
                    "confidential_nodes": [],
                    "containerd_config": [],
                    "disk_size_gb": 100,
                    "disk_type": "pd-balanced",
                    "effective_taints": [],
                    "enable_confidential_storage": false,
                    "ephemeral_storage_local_ssd_config": [],
                    "fast_socket": [],
                    "gcfs_config": [],
                    "guest_accelerator": [],
                    "gvnic": [],
                    "host_maintenance_policy": [],
                    "image_type": "COS_CONTAINERD",
                    "kubelet_config": [],
                    "labels": {},
                    "linux_node_config": [],
                    "local_nvme_ssd_block_config": [],
                    "local_ssd_count": 0,
                    "logging_variant": "DEFAULT",
                    "machine_type": "e2-standard-4",
                    "metadata": {
                      "disable-legacy-endpoints": "true"
                    },
                    "min_cpu_platform": "",
                    "node_group": "",
                    "oauth_scopes": [
                      "https://www.googleapis.com/auth/cloud-platform"
                    ],
                    "preemptible": false,
                    "reservation_affinity": [],
                    "resource_labels": {},
                    "resource_manager_tags": {},
                    "secondary_boot_disks": [],
                    "service_account": "cluster-us-east1-952ebb30@gke-gateway-demo-705700.iam.gserviceaccount.com",
                    "shielded_instance_config": [
                      {
                        "enable_integrity_monitoring": true,
                        "enable_secure_boot": true
                      }
                    ],
                    "sole_tenant_config": [],
                    "spot": false,
                    "tags": [],
                    "taint": [],
                    "workload_metadata_config": [
                      {
                        "mode": "GKE_METADATA"
                      }
                    ]
                  }
                ],
                "node_count": 1,
                "node_locations": [
                  "us-east1-b",
                  "us-east1-c",
                  "us-east1-d"
                ],
                "placement_policy": [],
                "queued_provisioning": [],
                "upgrade_settings": [
                  {
                    "blue_green_settings": [],
                    "max_surge": 1,
                    "max_unavailable": 0,
                    "strategy": "SURGE"
                  }
                ],
                "version": "1.30.1-gke.1329000"
              }
            ],
            "node_pool_auto_config": [],
            "node_pool_defaults": [
              {
                "node_config_defaults": [
                  {
                    "containerd_config": [],
                    "logging_variant": "DEFAULT"
                  }
                ]
              }
            ],
            "node_version": "1.30.1-gke.1329000",
            "notification_config": [
              {
                "pubsub": [
                  {
                    "enabled": false,
                    "filter": [],
                    "topic": ""
                  }
                ]
              }
            ],
            "operation": null,
            "private_cluster_config": [
              {
                "enable_private_endpoint": true,
                "enable_private_nodes": true,
                "master_global_access_config": [
                  {
                    "enabled": true
                  }
                ],
                "master_ipv4_cidr_block": "10.1.192.0/28",
                "peering_name": "",
                "private_endpoint": "10.1.192.2",
                "private_endpoint_subnetwork": "",
                "public_endpoint": "34.139.136.222"
              }
            ],
            "private_ipv6_google_access": "",
            "project": "gke-gateway-demo-705700",
            "release_channel": [
              {
                "channel": "RAPID"
              }
            ],
            "remove_default_node_pool": true,
            "resource_labels": {},
            "resource_usage_export_config": [],
            "security_posture_config": [
              {
                "mode": "DISABLED",
                "vulnerability_mode": "VULNERABILITY_DISABLED"
              }
            ],
            "self_link": "https://container.googleapis.com/v1/projects/gke-gateway-demo-705700/locations/us-east1/clusters/cluster-us-east1",
            "service_external_ips_config": [
              {
                "enabled": false
              }
            ],
            "services_ipv4_cidr": "10.1.128.0/18",
            "subnetwork": "projects/gke-gateway-demo-705700/regions/us-east1/subnetworks/demo-subnet",
            "timeouts": {
              "create": "45m",
              "delete": "45m",
              "read": null,
              "update": "45m"
            },
            "tpu_ipv4_cidr_block": "",
            "vertical_pod_autoscaling": [],
            "workload_identity_config": [
              {
                "workload_pool": "gke-gateway-demo-705700.svc.id.goog"
              }
            ]
          },
          "sensitive_attributes": [],
          "private": "eyJlMmJmYjczMC1lY2FhLTExZTYtOGY4OC0zNDM2M2JjN2M0YzAiOnsiY3JlYXRlIjoyNzAwMDAwMDAwMDAwLCJkZWxldGUiOjI3MDAwMDAwMDAwMDAsInJlYWQiOjI0MDAwMDAwMDAwMDAsInVwZGF0ZSI6MjcwMDAwMDAwMDAwMH0sInNjaGVtYV92ZXJzaW9uIjoiMiJ9",
          "dependencies": [
            "google_compute_network.vpc",
            "google_compute_subnetwork.subnet",
            "google_folder.folder",
            "google_project.project",
            "google_service_account.cluster_sa",
            "random_id.postfix",
            "random_integer.salt"
          ]
        }
      ]
    },
    {
      "mode": "managed",
      "type": "google_container_node_pool",
      "name": "node_pools",
      "provider": "provider[\"registry.terraform.io/hashicorp/google\"]",
      "instances": [
        {
          "index_key": "europe-west1",
          "schema_version": 1,
          "attributes": {
            "autoscaling": [],
            "cluster": "cluster-europe-west1",
            "id": "projects/gke-gateway-demo-705700/locations/europe-west1/clusters/cluster-europe-west1/nodePools/np-952ebb30",
            "initial_node_count": 1,
            "instance_group_urls": [
              "https://www.googleapis.com/compute/v1/projects/gke-gateway-demo-705700/zones/europe-west1-d/instanceGroupManagers/gke-cluster-europe-west1-np-952ebb30-30bde5a2-grp",
              "https://www.googleapis.com/compute/v1/projects/gke-gateway-demo-705700/zones/europe-west1-b/instanceGroupManagers/gke-cluster-europe-west1-np-952ebb30-598b23be-grp",
              "https://www.googleapis.com/compute/v1/projects/gke-gateway-demo-705700/zones/europe-west1-c/instanceGroupManagers/gke-cluster-europe-west1-np-952ebb30-9c24f3c7-grp"
            ],
            "location": "europe-west1",
            "managed_instance_group_urls": [
              "https://www.googleapis.com/compute/v1/projects/gke-gateway-demo-705700/zones/europe-west1-d/instanceGroups/gke-cluster-europe-west1-np-952ebb30-30bde5a2-grp",
              "https://www.googleapis.com/compute/v1/projects/gke-gateway-demo-705700/zones/europe-west1-b/instanceGroups/gke-cluster-europe-west1-np-952ebb30-598b23be-grp",
              "https://www.googleapis.com/compute/v1/projects/gke-gateway-demo-705700/zones/europe-west1-c/instanceGroups/gke-cluster-europe-west1-np-952ebb30-9c24f3c7-grp"
            ],
            "management": [
              {
                "auto_repair": true,
                "auto_upgrade": true
              }
            ],
            "max_pods_per_node": 110,
            "name": "np-952ebb30",
            "name_prefix": "",
            "network_config": [
              {
                "create_pod_range": false,
                "enable_private_nodes": true,
                "network_performance_config": [],
                "pod_cidr_overprovision_config": [],
                "pod_ipv4_cidr_block": "10.0.64.0/18",
                "pod_range": "pod-range"
              }
            ],
            "node_config": [
              {
                "advanced_machine_features": [],
                "boot_disk_kms_key": "",
                "confidential_nodes": [],
                "containerd_config": [],
                "disk_size_gb": 100,
                "disk_type": "pd-balanced",
                "effective_taints": [],
                "enable_confidential_storage": false,
                "ephemeral_storage_local_ssd_config": [],
                "fast_socket": [],
                "gcfs_config": [],
                "guest_accelerator": [],
                "gvnic": [],
                "host_maintenance_policy": [],
                "image_type": "COS_CONTAINERD",
                "kubelet_config": [],
                "labels": {},
                "linux_node_config": [],
                "local_nvme_ssd_block_config": [],
                "local_ssd_count": 0,
                "logging_variant": "DEFAULT",
                "machine_type": "e2-standard-4",
                "metadata": {
                  "disable-legacy-endpoints": "true"
                },
                "min_cpu_platform": "",
                "node_group": "",
                "oauth_scopes": [
                  "https://www.googleapis.com/auth/cloud-platform"
                ],
                "preemptible": false,
                "reservation_affinity": [],
                "resource_labels": {},
                "resource_manager_tags": {},
                "secondary_boot_disks": [],
                "service_account": "cluster-europe-west1-952ebb30@gke-gateway-demo-705700.iam.gserviceaccount.com",
                "shielded_instance_config": [
                  {
                    "enable_integrity_monitoring": true,
                    "enable_secure_boot": true
                  }
                ],
                "sole_tenant_config": [],
                "spot": false,
                "tags": [],
                "taint": [],
                "workload_metadata_config": [
                  {
                    "mode": "GKE_METADATA"
                  }
                ]
              }
            ],
            "node_count": 1,
            "node_locations": [
              "europe-west1-b",
              "europe-west1-c",
              "europe-west1-d"
            ],
            "operation": null,
            "placement_policy": [],
            "project": "gke-gateway-demo-705700",
            "queued_provisioning": [],
            "timeouts": null,
            "upgrade_settings": [
              {
                "blue_green_settings": [],
                "max_surge": 1,
                "max_unavailable": 0,
                "strategy": "SURGE"
              }
            ],
            "version": "1.30.1-gke.1329000"
          },
          "sensitive_attributes": [],
          "private": "eyJlMmJmYjczMC1lY2FhLTExZTYtOGY4OC0zNDM2M2JjN2M0YzAiOnsiY3JlYXRlIjoxODAwMDAwMDAwMDAwLCJkZWxldGUiOjE4MDAwMDAwMDAwMDAsInVwZGF0ZSI6MTgwMDAwMDAwMDAwMH0sInNjaGVtYV92ZXJzaW9uIjoiMSJ9",
          "dependencies": [
            "google_compute_network.vpc",
            "google_compute_subnetwork.subnet",
            "google_container_cluster.clusters",
            "google_folder.folder",
            "google_project.project",
            "google_service_account.cluster_sa",
            "random_id.postfix",
            "random_integer.salt"
          ]
        },
        {
          "index_key": "us-east1",
          "schema_version": 1,
          "attributes": {
            "autoscaling": [],
            "cluster": "cluster-us-east1",
            "id": "projects/gke-gateway-demo-705700/locations/us-east1/clusters/cluster-us-east1/nodePools/np-952ebb30",
            "initial_node_count": 1,
            "instance_group_urls": [
              "https://www.googleapis.com/compute/v1/projects/gke-gateway-demo-705700/zones/us-east1-d/instanceGroupManagers/gke-cluster-us-east1-np-952ebb30-d30d8b01-grp",
              "https://www.googleapis.com/compute/v1/projects/gke-gateway-demo-705700/zones/us-east1-b/instanceGroupManagers/gke-cluster-us-east1-np-952ebb30-3cded9a5-grp",
              "https://www.googleapis.com/compute/v1/projects/gke-gateway-demo-705700/zones/us-east1-c/instanceGroupManagers/gke-cluster-us-east1-np-952ebb30-d5a9ccf5-grp"
            ],
            "location": "us-east1",
            "managed_instance_group_urls": [
              "https://www.googleapis.com/compute/v1/projects/gke-gateway-demo-705700/zones/us-east1-d/instanceGroups/gke-cluster-us-east1-np-952ebb30-d30d8b01-grp",
              "https://www.googleapis.com/compute/v1/projects/gke-gateway-demo-705700/zones/us-east1-b/instanceGroups/gke-cluster-us-east1-np-952ebb30-3cded9a5-grp",
              "https://www.googleapis.com/compute/v1/projects/gke-gateway-demo-705700/zones/us-east1-c/instanceGroups/gke-cluster-us-east1-np-952ebb30-d5a9ccf5-grp"
            ],
            "management": [
              {
                "auto_repair": true,
                "auto_upgrade": true
              }
            ],
            "max_pods_per_node": 110,
            "name": "np-952ebb30",
            "name_prefix": "",
            "network_config": [
              {
                "create_pod_range": false,
                "enable_private_nodes": true,
                "network_performance_config": [],
                "pod_cidr_overprovision_config": [],
                "pod_ipv4_cidr_block": "10.1.64.0/18",
                "pod_range": "pod-range"
              }
            ],
            "node_config": [
              {
                "advanced_machine_features": [],
                "boot_disk_kms_key": "",
                "confidential_nodes": [],
                "containerd_config": [],
                "disk_size_gb": 100,
                "disk_type": "pd-balanced",
                "effective_taints": [],
                "enable_confidential_storage": false,
                "ephemeral_storage_local_ssd_config": [],
                "fast_socket": [],
                "gcfs_config": [],
                "guest_accelerator": [],
                "gvnic": [],
                "host_maintenance_policy": [],
                "image_type": "COS_CONTAINERD",
                "kubelet_config": [],
                "labels": {},
                "linux_node_config": [],
                "local_nvme_ssd_block_config": [],
                "local_ssd_count": 0,
                "logging_variant": "DEFAULT",
                "machine_type": "e2-standard-4",
                "metadata": {
                  "disable-legacy-endpoints": "true"
                },
                "min_cpu_platform": "",
                "node_group": "",
                "oauth_scopes": [
                  "https://www.googleapis.com/auth/cloud-platform"
                ],
                "preemptible": false,
                "reservation_affinity": [],
                "resource_labels": {},
                "resource_manager_tags": {},
                "secondary_boot_disks": [],
                "service_account": "cluster-us-east1-952ebb30@gke-gateway-demo-705700.iam.gserviceaccount.com",
                "shielded_instance_config": [
                  {
                    "enable_integrity_monitoring": true,
                    "enable_secure_boot": true
                  }
                ],
                "sole_tenant_config": [],
                "spot": false,
                "tags": [],
                "taint": [],
                "workload_metadata_config": [
                  {
                    "mode": "GKE_METADATA"
                  }
                ]
              }
            ],
            "node_count": 1,
            "node_locations": [
              "us-east1-b",
              "us-east1-c",
              "us-east1-d"
            ],
            "operation": null,
            "placement_policy": [],
            "project": "gke-gateway-demo-705700",
            "queued_provisioning": [],
            "timeouts": null,
            "upgrade_settings": [
              {
                "blue_green_settings": [],
                "max_surge": 1,
                "max_unavailable": 0,
                "strategy": "SURGE"
              }
            ],
            "version": "1.30.1-gke.1329000"
          },
          "sensitive_attributes": [],
          "private": "eyJlMmJmYjczMC1lY2FhLTExZTYtOGY4OC0zNDM2M2JjN2M0YzAiOnsiY3JlYXRlIjoxODAwMDAwMDAwMDAwLCJkZWxldGUiOjE4MDAwMDAwMDAwMDAsInVwZGF0ZSI6MTgwMDAwMDAwMDAwMH0sInNjaGVtYV92ZXJzaW9uIjoiMSJ9",
          "dependencies": [
            "google_compute_network.vpc",
            "google_compute_subnetwork.subnet",
            "google_container_cluster.clusters",
            "google_folder.folder",
            "google_project.project",
            "google_service_account.cluster_sa",
            "random_id.postfix",
            "random_integer.salt"
          ]
        }
      ]
    },
    {
      "mode": "managed",
      "type": "google_dns_managed_zone",
      "name": "dns",
      "provider": "provider[\"registry.terraform.io/hashicorp/google\"]",
      "instances": [
        {
          "schema_version": 0,
          "attributes": {
            "cloud_logging_config": [
              {
                "enable_logging": false
              }
            ],
            "creation_time": "2024-07-03T07:59:03.928Z",
            "description": "DNS Zone",
            "dns_name": "mc.demos.bowers1.com.",
            "dnssec_config": [],
            "effective_labels": {},
            "force_destroy": false,
            "forwarding_config": [],
            "id": "projects/gke-gateway-demo-705700/managedZones/demo-zone",
            "labels": null,
            "managed_zone_id": 3864038582758261761,
            "name": "demo-zone",
            "name_servers": [
              "ns-cloud-d1.googledomains.com.",
              "ns-cloud-d2.googledomains.com.",
              "ns-cloud-d3.googledomains.com.",
              "ns-cloud-d4.googledomains.com."
            ],
            "peering_config": [],
            "private_visibility_config": [],
            "project": "gke-gateway-demo-705700",
            "terraform_labels": {},
            "timeouts": null,
            "visibility": "public"
          },
          "sensitive_attributes": [],
          "private": "eyJlMmJmYjczMC1lY2FhLTExZTYtOGY4OC0zNDM2M2JjN2M0YzAiOnsiY3JlYXRlIjoxMjAwMDAwMDAwMDAwLCJkZWxldGUiOjEyMDAwMDAwMDAwMDAsInVwZGF0ZSI6MTIwMDAwMDAwMDAwMH19",
          "dependencies": [
            "google_folder.folder",
            "google_project.project",
            "random_integer.salt"
          ]
        }
      ]
    },
    {
      "mode": "managed",
      "type": "google_folder",
      "name": "folder",
      "provider": "provider[\"registry.terraform.io/hashicorp/google\"]",
      "instances": [
        {
          "schema_version": 0,
          "attributes": {
            "create_time": "2024-07-02T21:02:47.728Z",
            "display_name": "gke-gateway-demo",
            "folder_id": "667362440187",
            "id": "folders/667362440187",
            "lifecycle_state": "ACTIVE",
            "name": "folders/667362440187",
            "parent": "folders/51285667990",
            "timeouts": null
          },
          "sensitive_attributes": [],
          "private": "eyJlMmJmYjczMC1lY2FhLTExZTYtOGY4OC0zNDM2M2JjN2M0YzAiOnsiY3JlYXRlIjoyNDAwMDAwMDAwMDAsImRlbGV0ZSI6MjQwMDAwMDAwMDAwLCJyZWFkIjoyNDAwMDAwMDAwMDAsInVwZGF0ZSI6MjQwMDAwMDAwMDAwfX0="
        }
      ]
    },
    {
      "mode": "managed",
      "type": "google_gke_hub_feature",
      "name": "feature",
      "provider": "provider[\"registry.terraform.io/hashicorp/google\"]",
      "instances": [
        {
          "schema_version": 0,
          "attributes": {
            "create_time": "2024-07-03T06:14:49.275276814Z",
            "delete_time": "",
            "effective_labels": {
              "foo": "bar"
            },
            "fleet_default_member_config": [],
            "id": "projects/gke-gateway-demo-705700/locations/global/features/multiclusterservicediscovery",
            "labels": {
              "foo": "bar"
            },
            "location": "global",
            "name": "multiclusterservicediscovery",
            "project": "gke-gateway-demo-705700",
            "resource_state": [
              {
                "has_resources": false,
                "state": "ACTIVE"
              }
            ],
            "spec": [],
            "state": [],
            "terraform_labels": {
              "foo": "bar"
            },
            "timeouts": null,
            "update_time": "2024-07-03T06:14:51.586754194Z"
          },
          "sensitive_attributes": [],
          "private": "eyJlMmJmYjczMC1lY2FhLTExZTYtOGY4OC0zNDM2M2JjN2M0YzAiOnsiY3JlYXRlIjoxMjAwMDAwMDAwMDAwLCJkZWxldGUiOjEyMDAwMDAwMDAwMDAsInVwZGF0ZSI6MTIwMDAwMDAwMDAwMH19",
          "dependencies": [
            "google_folder.folder",
            "google_project.project",
            "random_integer.salt"
          ]
        }
      ]
    },
    {
      "mode": "managed",
      "type": "google_gke_hub_fleet",
      "name": "fleet",
      "provider": "provider[\"registry.terraform.io/hashicorp/google\"]",
      "instances": [
        {
          "schema_version": 0,
          "attributes": {
            "create_time": "2024-07-03T06:14:15.098334732Z",
            "default_cluster_config": [
              {
                "binary_authorization_config": [],
                "security_posture_config": [
                  {
                    "mode": "DISABLED",
                    "vulnerability_mode": "VULNERABILITY_DISABLED"
                  }
                ]
              }
            ],
            "delete_time": "",
            "display_name": "gke-gateway-demo-705700-fleet",
            "id": "projects/gke-gateway-demo-705700/locations/global/fleets/default",
            "project": "gke-gateway-demo-705700",
            "state": [
              {
                "code": "READY"
              }
            ],
            "timeouts": null,
            "uid": "99c82ee1-38c9-40e3-ba1a-8cccd60cf479",
            "update_time": "2024-07-03T06:14:16.174049799Z"
          },
          "sensitive_attributes": [],
          "private": "eyJlMmJmYjczMC1lY2FhLTExZTYtOGY4OC0zNDM2M2JjN2M0YzAiOnsiY3JlYXRlIjoxMjAwMDAwMDAwMDAwLCJkZWxldGUiOjEyMDAwMDAwMDAwMDAsInVwZGF0ZSI6MTIwMDAwMDAwMDAwMH19",
          "dependencies": [
            "google_folder.folder",
            "google_project.project",
            "random_integer.salt"
          ]
        }
      ]
    },
    {
      "mode": "managed",
      "type": "google_project",
      "name": "project",
      "provider": "provider[\"registry.terraform.io/hashicorp/google\"]",
      "instances": [
        {
          "schema_version": 1,
          "attributes": {
            "auto_create_network": false,
            "billing_account": "010767-AD0D5D-BCC8F6",
            "effective_labels": {},
            "folder_id": "667362440187",
            "id": "projects/gke-gateway-demo-705700",
            "labels": {},
            "name": "gke-gateway-demo",
            "number": "429826899591",
            "org_id": "",
            "project_id": "gke-gateway-demo-705700",
            "skip_delete": null,
            "terraform_labels": {},
            "timeouts": null
          },
          "sensitive_attributes": [],
          "private": "eyJlMmJmYjczMC1lY2FhLTExZTYtOGY4OC0zNDM2M2JjN2M0YzAiOnsiY3JlYXRlIjo2MDAwMDAwMDAwMDAsImRlbGV0ZSI6NjAwMDAwMDAwMDAwLCJyZWFkIjo2MDAwMDAwMDAwMDAsInVwZGF0ZSI6NjAwMDAwMDAwMDAwfSwic2NoZW1hX3ZlcnNpb24iOiIxIn0=",
          "dependencies": [
            "google_folder.folder",
            "random_integer.salt"
          ]
        }
      ]
    },
    {
      "mode": "managed",
      "type": "google_project_iam_member",
      "name": "external_secrets",
      "provider": "provider[\"registry.terraform.io/hashicorp/google\"]",
      "instances": [
        {
          "schema_version": 0,
          "attributes": {
            "condition": [],
            "etag": "BwYcUx5TGNY=",
            "id": "gke-gateway-demo-705700/roles/compute.networkViewer/serviceAccount:gke-gateway-demo-705700.svc.id.goog[gke-mcs/gke-mcs-importer]",
            "member": "serviceAccount:gke-gateway-demo-705700.svc.id.goog[gke-mcs/gke-mcs-importer]",
            "project": "gke-gateway-demo-705700",
            "role": "roles/compute.networkViewer"
          },
          "sensitive_attributes": [],
          "private": "bnVsbA==",
          "dependencies": [
            "google_compute_network.vpc",
            "google_compute_subnetwork.subnet",
            "google_container_cluster.clusters",
            "google_folder.folder",
            "google_project.project",
            "google_service_account.cluster_sa",
            "random_id.postfix",
            "random_integer.salt"
          ]
        }
      ]
    },
    {
      "mode": "managed",
      "type": "google_project_iam_member",
      "name": "roles_container_clusteradmin",
      "provider": "provider[\"registry.terraform.io/hashicorp/google\"]",
      "instances": [
        {
          "schema_version": 0,
          "attributes": {
            "condition": [],
            "etag": "BwYcUx5TGNY=",
            "id": "gke-gateway-demo-705700/roles/container.clusterAdmin/serviceAccount:bastion-sa@gke-gateway-demo-705700.iam.gserviceaccount.com",
            "member": "serviceAccount:bastion-sa@gke-gateway-demo-705700.iam.gserviceaccount.com",
            "project": "gke-gateway-demo-705700",
            "role": "roles/container.clusterAdmin"
          },
          "sensitive_attributes": [],
          "private": "bnVsbA==",
          "dependencies": [
            "google_folder.folder",
            "google_project.project",
            "google_service_account.bastion",
            "random_integer.salt"
          ]
        }
      ]
    },
    {
      "mode": "managed",
      "type": "google_project_iam_member",
      "name": "roles_container_containeradmin",
      "provider": "provider[\"registry.terraform.io/hashicorp/google\"]",
      "instances": [
        {
          "schema_version": 0,
          "attributes": {
            "condition": [],
            "etag": "BwYcUx5TGNY=",
            "id": "gke-gateway-demo-705700/roles/container.admin/serviceAccount:bastion-sa@gke-gateway-demo-705700.iam.gserviceaccount.com",
            "member": "serviceAccount:bastion-sa@gke-gateway-demo-705700.iam.gserviceaccount.com",
            "project": "gke-gateway-demo-705700",
            "role": "roles/container.admin"
          },
          "sensitive_attributes": [],
          "private": "bnVsbA==",
          "dependencies": [
            "google_folder.folder",
            "google_project.project",
            "google_service_account.bastion",
            "random_integer.salt"
          ]
        }
      ]
    },
    {
      "mode": "managed",
      "type": "google_project_iam_member",
      "name": "roles_logswriter",
      "provider": "provider[\"registry.terraform.io/hashicorp/google\"]",
      "instances": [
        {
          "schema_version": 0,
          "attributes": {
            "condition": [],
            "etag": "BwYcUx5TGNY=",
            "id": "gke-gateway-demo-705700/roles/logging.logWriter/serviceAccount:bastion-sa@gke-gateway-demo-705700.iam.gserviceaccount.com",
            "member": "serviceAccount:bastion-sa@gke-gateway-demo-705700.iam.gserviceaccount.com",
            "project": "gke-gateway-demo-705700",
            "role": "roles/logging.logWriter"
          },
          "sensitive_attributes": [],
          "private": "bnVsbA==",
          "dependencies": [
            "google_folder.folder",
            "google_project.project",
            "google_service_account.bastion",
            "random_integer.salt"
          ]
        }
      ]
    },
    {
      "mode": "managed",
      "type": "google_project_iam_member",
      "name": "roles_metricswriter",
      "provider": "provider[\"registry.terraform.io/hashicorp/google\"]",
      "instances": [
        {
          "schema_version": 0,
          "attributes": {
            "condition": [],
            "etag": "BwYcUx5TGNY=",
            "id": "gke-gateway-demo-705700/roles/monitoring.metricWriter/serviceAccount:bastion-sa@gke-gateway-demo-705700.iam.gserviceaccount.com",
            "member": "serviceAccount:bastion-sa@gke-gateway-demo-705700.iam.gserviceaccount.com",
            "project": "gke-gateway-demo-705700",
            "role": "roles/monitoring.metricWriter"
          },
          "sensitive_attributes": [],
          "private": "bnVsbA==",
          "dependencies": [
            "google_folder.folder",
            "google_project.project",
            "google_service_account.bastion",
            "random_integer.salt"
          ]
        }
      ]
    },
    {
      "mode": "managed",
      "type": "google_project_iam_member",
      "name": "roles_owner",
      "provider": "provider[\"registry.terraform.io/hashicorp/google\"]",
      "instances": [
        {
          "schema_version": 0,
          "attributes": {
            "condition": [],
            "etag": "BwYcUx5TGNY=",
            "id": "gke-gateway-demo-705700/roles/owner/serviceAccount:bastion-sa@gke-gateway-demo-705700.iam.gserviceaccount.com",
            "member": "serviceAccount:bastion-sa@gke-gateway-demo-705700.iam.gserviceaccount.com",
            "project": "gke-gateway-demo-705700",
            "role": "roles/owner"
          },
          "sensitive_attributes": [],
          "private": "bnVsbA==",
          "dependencies": [
            "google_folder.folder",
            "google_project.project",
            "google_service_account.bastion",
            "random_integer.salt"
          ]
        }
      ]
    },
    {
      "mode": "managed",
      "type": "google_project_service",
      "name": "project_apis",
      "provider": "provider[\"registry.terraform.io/hashicorp/google\"]",
      "instances": [
        {
          "index_key": 0,
          "schema_version": 0,
          "attributes": {
            "disable_dependent_services": false,
            "disable_on_destroy": false,
            "id": "gke-gateway-demo-705700/dns.googleapis.com",
            "project": "gke-gateway-demo-705700",
            "service": "dns.googleapis.com",
            "timeouts": null
          },
          "sensitive_attributes": [],
          "private": "eyJlMmJmYjczMC1lY2FhLTExZTYtOGY4OC0zNDM2M2JjN2M0YzAiOnsiY3JlYXRlIjoxMjAwMDAwMDAwMDAwLCJkZWxldGUiOjEyMDAwMDAwMDAwMDAsInJlYWQiOjYwMDAwMDAwMDAwMCwidXBkYXRlIjoxMjAwMDAwMDAwMDAwfX0=",
          "dependencies": [
            "google_folder.folder",
            "google_project.project",
            "random_integer.salt"
          ]
        },
        {
          "index_key": 1,
          "schema_version": 0,
          "attributes": {
            "disable_dependent_services": false,
            "disable_on_destroy": false,
            "id": "gke-gateway-demo-705700/container.googleapis.com",
            "project": "gke-gateway-demo-705700",
            "service": "container.googleapis.com",
            "timeouts": null
          },
          "sensitive_attributes": [],
          "private": "eyJlMmJmYjczMC1lY2FhLTExZTYtOGY4OC0zNDM2M2JjN2M0YzAiOnsiY3JlYXRlIjoxMjAwMDAwMDAwMDAwLCJkZWxldGUiOjEyMDAwMDAwMDAwMDAsInJlYWQiOjYwMDAwMDAwMDAwMCwidXBkYXRlIjoxMjAwMDAwMDAwMDAwfX0=",
          "dependencies": [
            "google_folder.folder",
            "google_project.project",
            "random_integer.salt"
          ]
        },
        {
          "index_key": 2,
          "schema_version": 0,
          "attributes": {
            "disable_dependent_services": false,
            "disable_on_destroy": false,
            "id": "gke-gateway-demo-705700/multiclusterservicediscovery.googleapis.com",
            "project": "gke-gateway-demo-705700",
            "service": "multiclusterservicediscovery.googleapis.com",
            "timeouts": null
          },
          "sensitive_attributes": [],
          "private": "eyJlMmJmYjczMC1lY2FhLTExZTYtOGY4OC0zNDM2M2JjN2M0YzAiOnsiY3JlYXRlIjoxMjAwMDAwMDAwMDAwLCJkZWxldGUiOjEyMDAwMDAwMDAwMDAsInJlYWQiOjYwMDAwMDAwMDAwMCwidXBkYXRlIjoxMjAwMDAwMDAwMDAwfX0=",
          "dependencies": [
            "google_folder.folder",
            "google_project.project",
            "random_integer.salt"
          ]
        },
        {
          "index_key": 3,
          "schema_version": 0,
          "attributes": {
            "disable_dependent_services": false,
            "disable_on_destroy": false,
            "id": "gke-gateway-demo-705700/gkehub.googleapis.com",
            "project": "gke-gateway-demo-705700",
            "service": "gkehub.googleapis.com",
            "timeouts": null
          },
          "sensitive_attributes": [],
          "private": "eyJlMmJmYjczMC1lY2FhLTExZTYtOGY4OC0zNDM2M2JjN2M0YzAiOnsiY3JlYXRlIjoxMjAwMDAwMDAwMDAwLCJkZWxldGUiOjEyMDAwMDAwMDAwMDAsInJlYWQiOjYwMDAwMDAwMDAwMCwidXBkYXRlIjoxMjAwMDAwMDAwMDAwfX0=",
          "dependencies": [
            "google_folder.folder",
            "google_project.project",
            "random_integer.salt"
          ]
        },
        {
          "index_key": 4,
          "schema_version": 0,
          "attributes": {
            "disable_dependent_services": false,
            "disable_on_destroy": false,
            "id": "gke-gateway-demo-705700/cloudresourcemanager.googleapis.com",
            "project": "gke-gateway-demo-705700",
            "service": "cloudresourcemanager.googleapis.com",
            "timeouts": null
          },
          "sensitive_attributes": [],
          "private": "eyJlMmJmYjczMC1lY2FhLTExZTYtOGY4OC0zNDM2M2JjN2M0YzAiOnsiY3JlYXRlIjoxMjAwMDAwMDAwMDAwLCJkZWxldGUiOjEyMDAwMDAwMDAwMDAsInJlYWQiOjYwMDAwMDAwMDAwMCwidXBkYXRlIjoxMjAwMDAwMDAwMDAwfX0=",
          "dependencies": [
            "google_folder.folder",
            "google_project.project",
            "random_integer.salt"
          ]
        },
        {
          "index_key": 5,
          "schema_version": 0,
          "attributes": {
            "disable_dependent_services": false,
            "disable_on_destroy": false,
            "id": "gke-gateway-demo-705700/trafficdirector.googleapis.com",
            "project": "gke-gateway-demo-705700",
            "service": "trafficdirector.googleapis.com",
            "timeouts": null
          },
          "sensitive_attributes": [],
          "private": "eyJlMmJmYjczMC1lY2FhLTExZTYtOGY4OC0zNDM2M2JjN2M0YzAiOnsiY3JlYXRlIjoxMjAwMDAwMDAwMDAwLCJkZWxldGUiOjEyMDAwMDAwMDAwMDAsInJlYWQiOjYwMDAwMDAwMDAwMCwidXBkYXRlIjoxMjAwMDAwMDAwMDAwfX0=",
          "dependencies": [
            "google_folder.folder",
            "google_project.project",
            "random_integer.salt"
          ]
        },
        {
          "index_key": 6,
          "schema_version": 0,
          "attributes": {
            "disable_dependent_services": false,
            "disable_on_destroy": false,
            "id": "gke-gateway-demo-705700/anthos.googleapis.com",
            "project": "gke-gateway-demo-705700",
            "service": "anthos.googleapis.com",
            "timeouts": null
          },
          "sensitive_attributes": [],
          "private": "eyJlMmJmYjczMC1lY2FhLTExZTYtOGY4OC0zNDM2M2JjN2M0YzAiOnsiY3JlYXRlIjoxMjAwMDAwMDAwMDAwLCJkZWxldGUiOjEyMDAwMDAwMDAwMDAsInJlYWQiOjYwMDAwMDAwMDAwMCwidXBkYXRlIjoxMjAwMDAwMDAwMDAwfX0=",
          "dependencies": [
            "google_folder.folder",
            "google_project.project",
            "random_integer.salt"
          ]
        }
      ]
    },
    {
      "mode": "managed",
      "type": "google_service_account",
      "name": "bastion",
      "provider": "provider[\"registry.terraform.io/hashicorp/google\"]",
      "instances": [
        {
          "schema_version": 0,
          "attributes": {
            "account_id": "bastion-sa",
            "create_ignore_already_exists": null,
            "description": "",
            "disabled": false,
            "display_name": "bastion-sa",
            "email": "bastion-sa@gke-gateway-demo-705700.iam.gserviceaccount.com",
            "id": "projects/gke-gateway-demo-705700/serviceAccounts/bastion-sa@gke-gateway-demo-705700.iam.gserviceaccount.com",
            "member": "serviceAccount:bastion-sa@gke-gateway-demo-705700.iam.gserviceaccount.com",
            "name": "projects/gke-gateway-demo-705700/serviceAccounts/bastion-sa@gke-gateway-demo-705700.iam.gserviceaccount.com",
            "project": "gke-gateway-demo-705700",
            "timeouts": null,
            "unique_id": "105941221566682848115"
          },
          "sensitive_attributes": [],
          "private": "eyJlMmJmYjczMC1lY2FhLTExZTYtOGY4OC0zNDM2M2JjN2M0YzAiOnsiY3JlYXRlIjozMDAwMDAwMDAwMDB9fQ==",
          "dependencies": [
            "google_folder.folder",
            "google_project.project",
            "random_integer.salt"
          ]
        }
      ]
    },
    {
      "mode": "managed",
      "type": "google_service_account",
      "name": "cluster_sa",
      "provider": "provider[\"registry.terraform.io/hashicorp/google\"]",
      "instances": [
        {
          "index_key": "europe-west1",
          "schema_version": 0,
          "attributes": {
            "account_id": "cluster-europe-west1-952ebb30",
            "create_ignore_already_exists": null,
            "description": "",
            "disabled": false,
            "display_name": "cluster-europe-west1-952ebb30",
            "email": "cluster-europe-west1-952ebb30@gke-gateway-demo-705700.iam.gserviceaccount.com",
            "id": "projects/gke-gateway-demo-705700/serviceAccounts/cluster-europe-west1-952ebb30@gke-gateway-demo-705700.iam.gserviceaccount.com",
            "member": "serviceAccount:cluster-europe-west1-952ebb30@gke-gateway-demo-705700.iam.gserviceaccount.com",
            "name": "projects/gke-gateway-demo-705700/serviceAccounts/cluster-europe-west1-952ebb30@gke-gateway-demo-705700.iam.gserviceaccount.com",
            "project": "gke-gateway-demo-705700",
            "timeouts": null,
            "unique_id": "109534318472481476677"
          },
          "sensitive_attributes": [],
          "private": "eyJlMmJmYjczMC1lY2FhLTExZTYtOGY4OC0zNDM2M2JjN2M0YzAiOnsiY3JlYXRlIjozMDAwMDAwMDAwMDB9fQ==",
          "dependencies": [
            "google_folder.folder",
            "google_project.project",
            "random_id.postfix",
            "random_integer.salt"
          ]
        },
        {
          "index_key": "us-east1",
          "schema_version": 0,
          "attributes": {
            "account_id": "cluster-us-east1-952ebb30",
            "create_ignore_already_exists": null,
            "description": "",
            "disabled": false,
            "display_name": "cluster-us-east1-952ebb30",
            "email": "cluster-us-east1-952ebb30@gke-gateway-demo-705700.iam.gserviceaccount.com",
            "id": "projects/gke-gateway-demo-705700/serviceAccounts/cluster-us-east1-952ebb30@gke-gateway-demo-705700.iam.gserviceaccount.com",
            "member": "serviceAccount:cluster-us-east1-952ebb30@gke-gateway-demo-705700.iam.gserviceaccount.com",
            "name": "projects/gke-gateway-demo-705700/serviceAccounts/cluster-us-east1-952ebb30@gke-gateway-demo-705700.iam.gserviceaccount.com",
            "project": "gke-gateway-demo-705700",
            "timeouts": null,
            "unique_id": "111697320130140644633"
          },
          "sensitive_attributes": [],
          "private": "eyJlMmJmYjczMC1lY2FhLTExZTYtOGY4OC0zNDM2M2JjN2M0YzAiOnsiY3JlYXRlIjozMDAwMDAwMDAwMDB9fQ==",
          "dependencies": [
            "google_folder.folder",
            "google_project.project",
            "random_id.postfix",
            "random_integer.salt"
          ]
        }
      ]
    },
    {
      "mode": "managed",
      "type": "random_id",
      "name": "postfix",
      "provider": "provider[\"registry.terraform.io/hashicorp/random\"]",
      "instances": [
        {
          "schema_version": 0,
          "attributes": {
            "b64_std": "lS67MA==",
            "b64_url": "lS67MA",
            "byte_length": 4,
            "dec": "2502867760",
            "hex": "952ebb30",
            "id": "lS67MA",
            "keepers": null,
            "prefix": null
          },
          "sensitive_attributes": []
        }
      ]
    },
    {
      "mode": "managed",
      "type": "random_integer",
      "name": "salt",
      "provider": "provider[\"registry.terraform.io/hashicorp/random\"]",
      "instances": [
        {
          "schema_version": 0,
          "attributes": {
            "id": "705700",
            "keepers": null,
            "max": 999999,
            "min": 100000,
            "result": 705700,
            "seed": null
          },
          "sensitive_attributes": []
        }
      ]
    }
  ],
  "check_results": null
}
